{
  "originHash" : "abf3ab4425e264ccc0a7982eb0ed993429c986f32256bb1f14f58406ec6d6f4a",
  "pins" : [
    {
      "identity" : "monerowalletcoreffi",
      "kind" : "remoteSourceControl",
      "location" : "https://github.com/cacaosteve/MoneroWalletCoreFFI",
      "state" : {
        "branch" : "main",
        "revision" : "1ac3d6415c2bd01e1d518f393094d5ba6c99c657"
      }
    }
  ],
  "version" : 3
}
