{
  "originHash" : "abf3ab4425e264ccc0a7982eb0ed993429c986f32256bb1f14f58406ec6d6f4a",
  "pins" : [
    {
      "identity" : "monerowalletcoreffi",
      "kind" : "remoteSourceControl",
      "location" : "https://github.com/cacaosteve/MoneroWalletCoreFFI",
      "state" : {
        "branch" : "main",
        "revision" : "823411f0586b30ed6a46b4025081f4a3184c8e0e"
      }
    }
  ],
  "version" : 3
}
